// !$*UTF8*$!
{
	archiveVersion = 1;
	classes = {
	};
	objectVersion = 46;
	objects = {

/* Begin PBXBuildFile section */
		C8FE881814D825C400847A95 /* UIKit.framework in Frameworks */ = {isa = PBXBuildFile; fileRef = C8FE881714D825C400847A95 /* UIKit.framework */; };
		C8FE881A14D825C400847A95 /* Foundation.framework in Frameworks */ = {isa = PBXBuildFile; fileRef = C8FE881914D825C400847A95 /* Foundation.framework */; };
		C8FE881C14D825C400847A95 /* CoreGraphics.framework in Frameworks */ = {isa = PBXBuildFile; fileRef = C8FE881B14D825C400847A95 /* CoreGraphics.framework */; };
		C8FE882214D825C400847A95 /* InfoPlist.strings in Resources */ = {isa = PBXBuildFile; fileRef = C8FE882014D825C400847A95 /* InfoPlist.strings */; };
		C8FE882414D825C400847A95 /* main.m in Sources */ = {isa = PBXBuildFile; fileRef = C8FE882314D825C400847A95 /* main.m */; };
		C8FE882814D825C500847A95 /* AppDelegate.m in Sources */ = {isa = PBXBuildFile; fileRef = C8FE882714D825C500847A95 /* AppDelegate.m */; };
		C8FE882B14D825C500847A95 /* FirstViewController.m in Sources */ = {isa = PBXBuildFile; fileRef = C8FE882A14D825C500847A95 /* FirstViewController.m */; };
		C8FE882D14D825C500847A95 /* first.png in Resources */ = {isa = PBXBuildFile; fileRef = C8FE882C14D825C500847A95 /* first.png */; };
		C8FE882F14D825C500847A95 /* first@2x.png in Resources */ = {isa = PBXBuildFile; fileRef = C8FE882E14D825C500847A95 /* first@2x.png */; };
		C8FE883214D825C500847A95 /* SecondViewController.m in Sources */ = {isa = PBXBuildFile; fileRef = C8FE883114D825C500847A95 /* SecondViewController.m */; };
		C8FE883414D825C500847A95 /* second.png in Resources */ = {isa = PBXBuildFile; fileRef = C8FE883314D825C500847A95 /* second.png */; };
		C8FE883614D825C500847A95 /* second@2x.png in Resources */ = {isa = PBXBuildFile; fileRef = C8FE883514D825C500847A95 /* second@2x.png */; };
		C8FE883914D825C500847A95 /* FirstViewController.xib in Resources */ = {isa = PBXBuildFile; fileRef = C8FE883714D825C500847A95 /* FirstViewController.xib */; };
		C8FE883C14D825C500847A95 /* SecondViewController.xib in Resources */ = {isa = PBXBuildFile; fileRef = C8FE883A14D825C500847A95 /* SecondViewController.xib */; };
		C8FE884514D8274900847A95 /* PopOverViewController.m in Sources */ = {isa = PBXBuildFile; fileRef = C8FE884314D8274900847A95 /* PopOverViewController.m */; };
		C8FE884614D8274900847A95 /* PopOverViewController.xib in Resources */ = {isa = PBXBuildFile; fileRef = C8FE884414D8274900847A95 /* PopOverViewController.xib */; };
/* End PBXBuildFile section */

/* Begin PBXFileReference section */
		C8FE881314D825C400847A95 /* UITabBarPopOver.app */ = {isa = PBXFileReference; explicitFileType = wrapper.application; includeInIndex = 0; path = UITabBarPopOver.app; sourceTree = BUILT_PRODUCTS_DIR; };
		C8FE881714D825C400847A95 /* UIKit.framework */ = {isa = PBXFileReference; lastKnownFileType = wrapper.framework; name = UIKit.framework; path = System/Library/Frameworks/UIKit.framework; sourceTree = SDKROOT; };
		C8FE881914D825C400847A95 /* Foundation.framework */ = {isa = PBXFileReference; lastKnownFileType = wrapper.framework; name = Foundation.framework; path = System/Library/Frameworks/Foundation.framework; sourceTree = SDKROOT; };
		C8FE881B14D825C400847A95 /* CoreGraphics.framework */ = {isa = PBXFileReference; lastKnownFileType = wrapper.framework; name = CoreGraphics.framework; path = System/Library/Frameworks/CoreGraphics.framework; sourceTree = SDKROOT; };
		C8FE881F14D825C400847A95 /* UITabBarPopOver-Info.plist */ = {isa = PBXFileReference; lastKnownFileType = text.plist.xml; path = "UITabBarPopOver-Info.plist"; sourceTree = "<group>"; };
		C8FE882114D825C400847A95 /* en */ = {isa = PBXFileReference; lastKnownFileType = text.plist.strings; name = en; path = en.lproj/InfoPlist.strings; sourceTree = "<group>"; };
		C8FE882314D825C400847A95 /* main.m */ = {isa = PBXFileReference; lastKnownFileType = sourcecode.c.objc; path = main.m; sourceTree = "<group>"; };
		C8FE882514D825C500847A95 /* UITabBarPopOver-Prefix.pch */ = {isa = PBXFileReference; lastKnownFileType = sourcecode.c.h; path = "UITabBarPopOver-Prefix.pch"; sourceTree = "<group>"; };
		C8FE882614D825C500847A95 /* AppDelegate.h */ = {isa = PBXFileReference; lastKnownFileType = sourcecode.c.h; path = AppDelegate.h; sourceTree = "<group>"; };
		C8FE882714D825C500847A95 /* AppDelegate.m */ = {isa = PBXFileReference; lastKnownFileType = sourcecode.c.objc; path = AppDelegate.m; sourceTree = "<group>"; };
		C8FE882914D825C500847A95 /* FirstViewController.h */ = {isa = PBXFileReference; lastKnownFileType = sourcecode.c.h; path = FirstViewController.h; sourceTree = "<group>"; };
		C8FE882A14D825C500847A95 /* FirstViewController.m */ = {isa = PBXFileReference; lastKnownFileType = sourcecode.c.objc; path = FirstViewController.m; sourceTree = "<group>"; };
		C8FE882C14D825C500847A95 /* first.png */ = {isa = PBXFileReference; lastKnownFileType = image.png; path = first.png; sourceTree = "<group>"; };
		C8FE882E14D825C500847A95 /* first@2x.png */ = {isa = PBXFileReference; lastKnownFileType = image.png; path = "first@2x.png"; sourceTree = "<group>"; };
		C8FE883014D825C500847A95 /* SecondViewController.h */ = {isa = PBXFileReference; lastKnownFileType = sourcecode.c.h; path = SecondViewController.h; sourceTree = "<group>"; };
		C8FE883114D825C500847A95 /* SecondViewController.m */ = {isa = PBXFileReference; lastKnownFileType = sourcecode.c.objc; path = SecondViewController.m; sourceTree = "<group>"; };
		C8FE883314D825C500847A95 /* second.png */ = {isa = PBXFileReference; lastKnownFileType = image.png; path = second.png; sourceTree = "<group>"; };
		C8FE883514D825C500847A95 /* second@2x.png */ = {isa = PBXFileReference; lastKnownFileType = image.png; path = "second@2x.png"; sourceTree = "<group>"; };
		C8FE883814D825C500847A95 /* en */ = {isa = PBXFileReference; lastKnownFileType = file.xib; name = en; path = en.lproj/FirstViewController.xib; sourceTree = "<group>"; };
		C8FE883B14D825C500847A95 /* en */ = {isa = PBXFileReference; lastKnownFileType = file.xib; name = en; path = en.lproj/SecondViewController.xib; sourceTree = "<group>"; };
		C8FE884214D8274900847A95 /* PopOverViewController.h */ = {isa = PBXFileReference; fileEncoding = 4; lastKnownFileType = sourcecode.c.h; path = PopOverViewController.h; sourceTree = "<group>"; };
		C8FE884314D8274900847A95 /* PopOverViewController.m */ = {isa = PBXFileReference; fileEncoding = 4; lastKnownFileType = sourcecode.c.objc; path = PopOverViewController.m; sourceTree = "<group>"; };
		C8FE884414D8274900847A95 /* PopOverViewController.xib */ = {isa = PBXFileReference; fileEncoding = 4; lastKnownFileType = file.xib; path = PopOverViewController.xib; sourceTree = "<group>"; };
/* End PBXFileReference section */

/* Begin PBXFrameworksBuildPhase section */
		C8FE881014D825C400847A95 /* Frameworks */ = {
			isa = PBXFrameworksBuildPhase;
			buildActionMask = 2147483647;
			files = (
				C8FE881814D825C400847A95 /* UIKit.framework in Frameworks */,
				C8FE881A14D825C400847A95 /* Foundation.framework in Frameworks */,
				C8FE881C14D825C400847A95 /* CoreGraphics.framework in Frameworks */,
			);
			runOnlyForDeploymentPostprocessing = 0;
		};
/* End PBXFrameworksBuildPhase section */

/* Begin PBXGroup section */
		C8FE880814D825C400847A95 = {
			isa = PBXGroup;
			children = (
				C8FE881D14D825C400847A95 /* UITabBarPopOver */,
				C8FE881614D825C400847A95 /* Frameworks */,
				C8FE881414D825C400847A95 /* Products */,
			);
			sourceTree = "<group>";
		};
		C8FE881414D825C400847A95 /* Products */ = {
			isa = PBXGroup;
			children = (
				C8FE881314D825C400847A95 /* UITabBarPopOver.app */,
			);
			name = Products;
			sourceTree = "<group>";
		};
		C8FE881614D825C400847A95 /* Frameworks */ = {
			isa = PBXGroup;
			children = (
				C8FE881714D825C400847A95 /* UIKit.framework */,
				C8FE881914D825C400847A95 /* Foundation.framework */,
				C8FE881B14D825C400847A95 /* CoreGraphics.framework */,
			);
			name = Frameworks;
			sourceTree = "<group>";
		};
		C8FE881D14D825C400847A95 /* UITabBarPopOver */ = {
			isa = PBXGroup;
			children = (
				C8FE884214D8274900847A95 /* PopOverViewController.h */,
				C8FE884314D8274900847A95 /* PopOverViewController.m */,
				C8FE884414D8274900847A95 /* PopOverViewController.xib */,
				C8FE882614D825C500847A95 /* AppDelegate.h */,
				C8FE882714D825C500847A95 /* AppDelegate.m */,
				C8FE882914D825C500847A95 /* FirstViewController.h */,
				C8FE882A14D825C500847A95 /* FirstViewController.m */,
				C8FE882C14D825C500847A95 /* first.png */,
				C8FE882E14D825C500847A95 /* first@2x.png */,
				C8FE883014D825C500847A95 /* SecondViewController.h */,
				C8FE883114D825C500847A95 /* SecondViewController.m */,
				C8FE883314D825C500847A95 /* second.png */,
				C8FE883514D825C500847A95 /* second@2x.png */,
				C8FE883714D825C500847A95 /* FirstViewController.xib */,
				C8FE883A14D825C500847A95 /* SecondViewController.xib */,
				C8FE881E14D825C400847A95 /* Supporting Files */,
			);
			path = UITabBarPopOver;
			sourceTree = "<group>";
		};
		C8FE881E14D825C400847A95 /* Supporting Files */ = {
			isa = PBXGroup;
			children = (
				C8FE881F14D825C400847A95 /* UITabBarPopOver-Info.plist */,
				C8FE882014D825C400847A95 /* InfoPlist.strings */,
				C8FE882314D825C400847A95 /* main.m */,
				C8FE882514D825C500847A95 /* UITabBarPopOver-Prefix.pch */,
			);
			name = "Supporting Files";
			sourceTree = "<group>";
		};
/* End PBXGroup section */

/* Begin PBXNativeTarget section */
		C8FE881214D825C400847A95 /* UITabBarPopOver */ = {
			isa = PBXNativeTarget;
			buildConfigurationList = C8FE883F14D825C500847A95 /* Build configuration list for PBXNativeTarget "UITabBarPopOver" */;
			buildPhases = (
				C8FE880F14D825C400847A95 /* Sources */,
				C8FE881014D825C400847A95 /* Frameworks */,
				C8FE881114D825C400847A95 /* Resources */,
			);
			buildRules = (
			);
			dependencies = (
			);
			name = UITabBarPopOver;
			productName = UITabBarPopOver;
			productReference = C8FE881314D825C400847A95 /* UITabBarPopOver.app */;
			productType = "com.apple.product-type.application";
		};
/* End PBXNativeTarget section */

/* Begin PBXProject section */
		C8FE880A14D825C400847A95 /* Project object */ = {
			isa = PBXProject;
			attributes = {
				LastUpgradeCheck = 0420;
				ORGANIZATIONNAME = "Mosaic Interactive";
			};
			buildConfigurationList = C8FE880D14D825C400847A95 /* Build configuration list for PBXProject "UITabBarPopOver" */;
			compatibilityVersion = "Xcode 3.2";
			developmentRegion = English;
			hasScannedForEncodings = 0;
			knownRegions = (
				en,
			);
			mainGroup = C8FE880814D825C400847A95;
			productRefGroup = C8FE881414D825C400847A95 /* Products */;
			projectDirPath = "";
			projectRoot = "";
			targets = (
				C8FE881214D825C400847A95 /* UITabBarPopOver */,
			);
		};
/* End PBXProject section */

/* Begin PBXResourcesBuildPhase section */
		C8FE881114D825C400847A95 /* Resources */ = {
			isa = PBXResourcesBuildPhase;
			buildActionMask = 2147483647;
			files = (
				C8FE882214D825C400847A95 /* InfoPlist.strings in Resources */,
				C8FE882D14D825C500847A95 /* first.png in Resources */,
				C8FE882F14D825C500847A95 /* first@2x.png in Resources */,
				C8FE883414D825C500847A95 /* second.png in Resources */,
				C8FE883614D825C500847A95 /* second@2x.png in Resources */,
				C8FE883914D825C500847A95 /* FirstViewController.xib in Resources */,
				C8FE883C14D825C500847A95 /* SecondViewController.xib in Resources */,
				C8FE884614D8274900847A95 /* PopOverViewController.xib in Resources */,
			);
			runOnlyForDeploymentPostprocessing = 0;
		};
/* End PBXResourcesBuildPhase section */

/* Begin PBXSourcesBuildPhase section */
		C8FE880F14D825C400847A95 /* Sources */ = {
			isa = PBXSourcesBuildPhase;
			buildActionMask = 2147483647;
			files = (
				C8FE882414D825C400847A95 /* main.m in Sources */,
				C8FE882814D825C500847A95 /* AppDelegate.m in Sources */,
				C8FE882B14D825C500847A95 /* FirstViewController.m in Sources */,
				C8FE883214D825C500847A95 /* SecondViewController.m in Sources */,
				C8FE884514D8274900847A95 /* PopOverViewController.m in Sources */,
			);
			runOnlyForDeploymentPostprocessing = 0;
		};
/* End PBXSourcesBuildPhase section */

/* Begin PBXVariantGroup section */
		C8FE882014D825C400847A95 /* InfoPlist.strings */ = {
			isa = PBXVariantGroup;
			children = (
				C8FE882114D825C400847A95 /* en */,
			);
			name = InfoPlist.strings;
			sourceTree = "<group>";
		};
		C8FE883714D825C500847A95 /* FirstViewController.xib */ = {
			isa = PBXVariantGroup;
			children = (
				C8FE883814D825C500847A95 /* en */,
			);
			name = FirstViewController.xib;
			sourceTree = "<group>";
		};
		C8FE883A14D825C500847A95 /* SecondViewController.xib */ = {
			isa = PBXVariantGroup;
			children = (
				C8FE883B14D825C500847A95 /* en */,
			);
			name = SecondViewController.xib;
			sourceTree = "<group>";
		};
/* End PBXVariantGroup section */

/* Begin XCBuildConfiguration section */
		C8FE883D14D825C500847A95 /* Debug */ = {
			isa = XCBuildConfiguration;
			buildSettings = {
				ALWAYS_SEARCH_USER_PATHS = NO;
				ARCHS = "$(ARCHS_STANDARD_32_BIT)";
				CLANG_ENABLE_OBJC_ARC = YES;
				"CODE_SIGN_IDENTITY[sdk=iphoneos*]" = "iPhone Developer";
				COPY_PHASE_STRIP = NO;
				GCC_C_LANGUAGE_STANDARD = gnu99;
				GCC_DYNAMIC_NO_PIC = NO;
				GCC_OPTIMIZATION_LEVEL = 0;
				GCC_PREPROCESSOR_DEFINITIONS = (
					"DEBUG=1",
					"$(inherited)",
				);
				GCC_SYMBOLS_PRIVATE_EXTERN = NO;
				GCC_VERSION = com.apple.compilers.llvm.clang.1_0;
				GCC_WARN_ABOUT_MISSING_PROTOTYPES = YES;
				GCC_WARN_ABOUT_RETURN_TYPE = YES;
				GCC_WARN_UNUSED_VARIABLE = YES;
				IPHONEOS_DEPLOYMENT_TARGET = 5.0;
				SDKROOT = iphoneos;
				TARGETED_DEVICE_FAMILY = 2;
			};
			name = Debug;
		};
		C8FE883E14D825C500847A95 /* Release */ = {
			isa = XCBuildConfiguration;
			buildSettings = {
				ALWAYS_SEARCH_USER_PATHS = NO;
				ARCHS = "$(ARCHS_STANDARD_32_BIT)";
				CLANG_ENABLE_OBJC_ARC = YES;
				"CODE_SIGN_IDENTITY[sdk=iphoneos*]" = "iPhone Developer";
				COPY_PHASE_STRIP = YES;
				GCC_C_LANGUAGE_STANDARD = gnu99;
				GCC_VERSION = com.apple.compilers.llvm.clang.1_0;
				GCC_WARN_ABOUT_MISSING_PROTOTYPES = YES;
				GCC_WARN_ABOUT_RETURN_TYPE = YES;
				GCC_WARN_UNUSED_VARIABLE = YES;
				IPHONEOS_DEPLOYMENT_TARGET = 5.0;
				OTHER_CFLAGS = "-DNS_BLOCK_ASSERTIONS=1";
				SDKROOT = iphoneos;
				TARGETED_DEVICE_FAMILY = 2;
				VALIDATE_PRODUCT = YES;
			};
			name = Release;
		};
		C8FE884014D825C500847A95 /* Debug */ = {
			isa = XCBuildConfiguration;
			buildSettings = {
				GCC_PRECOMPILE_PREFIX_HEADER = YES;
				GCC_PREFIX_HEADER = "UITabBarPopOver/UITabBarPopOver-Prefix.pch";
				INFOPLIST_FILE = "UITabBarPopOver/UITabBarPopOver-Info.plist";
				PRODUCT_NAME = "$(TARGET_NAME)";
				WRAPPER_EXTENSION = app;
			};
			name = Debug;
		};
		C8FE884114D825C500847A95 /* Release */ = {
			isa = XCBuildConfiguration;
			buildSettings = {
				GCC_PRECOMPILE_PREFIX_HEADER = YES;
				GCC_PREFIX_HEADER = "UITabBarPopOver/UITabBarPopOver-Prefix.pch";
				INFOPLIST_FILE = "UITabBarPopOver/UITabBarPopOver-Info.plist";
				PRODUCT_NAME = "$(TARGET_NAME)";
				WRAPPER_EXTENSION = app;
			};
			name = Release;
		};
/* End XCBuildConfiguration section */

/* Begin XCConfigurationList section */
		C8FE880D14D825C400847A95 /* Build configuration list for PBXProject "UITabBarPopOver" */ = {
			isa = XCConfigurationList;
			buildConfigurations = (
				C8FE883D14D825C500847A95 /* Debug */,
				C8FE883E14D825C500847A95 /* Release */,
			);
			defaultConfigurationIsVisible = 0;
			defaultConfigurationName = Release;
		};
		C8FE883F14D825C500847A95 /* Build configuration list for PBXNativeTarget "UITabBarPopOver" */ = {
			isa = XCConfigurationList;
			buildConfigurations = (
				C8FE884014D825C500847A95 /* Debug */,
				C8FE884114D825C500847A95 /* Release */,
			);
			defaultConfigurationIsVisible = 0;
		};
/* End XCConfigurationList section */
	};
	rootObject = C8FE880A14D825C400847A95 /* Project object */;
}
